github.com/go-gl/gl v0.0.0-20260331235117-4566fea9a276 h1:IO5P06Pcj9K04d+l4nrf3c2U56+dAotIFG6u4P1wAHI=
github.com/go-gl/gl v0.0.0-20260331235117-4566fea9a276/go.mod h1:9YTyiznxEY1fVinfM7RvRcjRHbw2xLBJ3AAGIT0I4Nw=
github.com/go-gl/glfw v0.0.0-20260802143932-8fa725040a18 h1:VuZrLGsduJDrAPr+TWQTgZj1WAMHrXu/foxmNcgcjxQ=
github.com/go-gl/glfw v0.0.0-20260802143932-8fa725040a18/go.mod h1:fOxQgJvH6dIDHn5YOoXiNC8tUMMNuCgbMK2yZTlZVQA=
github.com/go-gl/mathgl v1.2.0 h1:v2eOj/y1B2afDxF6URV1qCYmo1KW08lAMtTbOn3KXCY=
github.com/go-gl/mathgl v1.2.0/go.mod h1:pf9+b5J3LFP7iZ4XXaVzZrCle0Q/vNpB/vDe5+3ulRE=
