github.com/go-gl/gl v0.0.0-20231021071112-07e5d0ea2e71 h1:5BVwOaUSBTlVZowGO6VZGw2H/zl9nrd3eCZfYV+NfQA=
github.com/go-gl/gl v0.0.0-20231021071112-07e5d0ea2e71/go.mod h1:9YTyiznxEY1fVinfM7RvRcjRHbw2xLBJ3AAGIT0I4Nw=
github.com/go-gl/glfw v0.0.0-20240506104042-037f3cc74f2a h1:FAC6eA052T8d4Lp5GR38Sxta8fnq//jjBGDtsT0TVAU=
github.com/go-gl/glfw v0.0.0-20240506104042-037f3cc74f2a/go.mod h1:wyvWpaEu9B/VQiV1jsPs7Mha9I7yto/HqIBw197ZAzk=
github.com/go-gl/mathgl v1.2.0 h1:v2eOj/y1B2afDxF6URV1qCYmo1KW08lAMtTbOn3KXCY=
github.com/go-gl/mathgl v1.2.0/go.mod h1:pf9+b5J3LFP7iZ4XXaVzZrCle0Q/vNpB/vDe5+3ulRE=
